// !$*UTF8*$!
{
	archiveVersion = 1;
	classes = {
	};
	objectVersion = 46;
	objects = {

/* Begin PBXFileReference section */
		A71BE82118C19286003A2C1A /* pool.pm */ = {isa = PBXFileReference; lastKnownFileType = text.script.perl; path = pool.pm; sourceTree = "<group>"; };
		A75C5CCD18B43219007780A3 /* ircd */ = {isa = PBXFileReference; lastKnownFileType = text.script.perl; path = ircd; sourceTree = "<group>"; };
		A75C5CCE18B43219007780A3 /* lines */ = {isa = PBXFileReference; lastKnownFileType = text.script.sh; path = lines; sourceTree = "<group>"; };
		A75C5CCF18B43219007780A3 /* mkpasswd */ = {isa = PBXFileReference; lastKnownFileType = text.script.perl; path = mkpasswd; sourceTree = "<group>"; };
		A75C5CD018B43219007780A3 /* thingstodo */ = {isa = PBXFileReference; lastKnownFileType = text; path = thingstodo; sourceTree = "<group>"; };
		A75C5CD218B43219007780A3 /* ircd.conf */ = {isa = PBXFileReference; lastKnownFileType = text; path = ircd.conf; sourceTree = "<group>"; };
		A75C5CD318B43219007780A3 /* ircd.conf.example */ = {isa = PBXFileReference; lastKnownFileType = text; path = ircd.conf.example; sourceTree = "<group>"; };
		A75C5CD418B43219007780A3 /* GOALS */ = {isa = PBXFileReference; lastKnownFileType = text; path = GOALS; sourceTree = "<group>"; };
		A75C5CD618B43219007780A3 /* INDEV */ = {isa = PBXFileReference; lastKnownFileType = text; path = INDEV; sourceTree = "<group>"; };
		A75C5CEE18B4321A007780A3 /* mine.pm */ = {isa = PBXFileReference; lastKnownFileType = text.script.perl; path = mine.pm; sourceTree = "<group>"; };
		A75C5CF118B4321A007780A3 /* connection.pm */ = {isa = PBXFileReference; lastKnownFileType = text.script.perl; lineEnding = 0; path = connection.pm; sourceTree = "<group>"; xcLanguageSpecificationIdentifier = xcode.lang.perl; };
		A75C5D0218B4321A007780A3 /* ircd.pm */ = {isa = PBXFileReference; lastKnownFileType = text.script.perl; path = ircd.pm; sourceTree = "<group>"; };
		A75C5D0518B4321A007780A3 /* linkage.pm */ = {isa = PBXFileReference; lastKnownFileType = text.script.perl; path = linkage.pm; sourceTree = "<group>"; };
		A75C5D0618B4321A007780A3 /* mine.pm */ = {isa = PBXFileReference; lastKnownFileType = text.script.perl; path = mine.pm; sourceTree = "<group>"; wrapsLines = 0; };
		A75C5D0918B4321A007780A3 /* mine.pm */ = {isa = PBXFileReference; lastKnownFileType = text.script.perl; path = mine.pm; sourceTree = "<group>"; };
		A75C5D0D18B4321A007780A3 /* utils.pm */ = {isa = PBXFileReference; lastKnownFileType = text.script.perl; lineEnding = 0; path = utils.pm; sourceTree = "<group>"; xcLanguageSpecificationIdentifier = xcode.lang.perl; };
		A75C5D0E18B4321A007780A3 /* LICENSE */ = {isa = PBXFileReference; lastKnownFileType = text; path = LICENSE; sourceTree = "<group>"; };
		A75C5D1B18B4321A007780A3 /* README.md */ = {isa = PBXFileReference; lastKnownFileType = text; path = README.md; sourceTree = "<group>"; };
		A765E0BF18BEE68500B3E448 /* VERSION */ = {isa = PBXFileReference; lastKnownFileType = text; path = VERSION; sourceTree = "<group>"; };
		BC27B9D81926CEA4003856F0 /* modules */ = {isa = PBXFileReference; lastKnownFileType = folder; path = modules; sourceTree = "<group>"; };
		BC27B9D91926D17C003856F0 /* channel.pm */ = {isa = PBXFileReference; lastKnownFileType = text.script.perl; name = channel.pm; path = lib/channel.pm; sourceTree = SOURCE_ROOT; };
		BC27B9DA1926D186003856F0 /* user.pm */ = {isa = PBXFileReference; lastKnownFileType = text.script.perl; name = user.pm; path = lib/user.pm; sourceTree = SOURCE_ROOT; };
		BC27B9DB1926D193003856F0 /* server.pm */ = {isa = PBXFileReference; lastKnownFileType = text.script.perl; name = server.pm; path = lib/server.pm; sourceTree = SOURCE_ROOT; };
		BC27B9DC1926D19C003856F0 /* juno */ = {isa = PBXFileReference; lastKnownFileType = text.script.sh; path = juno; sourceTree = SOURCE_ROOT; };
		BC27B9DD1926D1A3003856F0 /* rfc-2812 */ = {isa = PBXFileReference; lastKnownFileType = text; path = "rfc-2812"; sourceTree = SOURCE_ROOT; };
/* End PBXFileReference section */

/* Begin PBXGroup section */
		A75C5CC518B43206007780A3 = {
			isa = PBXGroup;
			children = (
				A75C5CDD18B4321A007780A3 /* vulpia */,
				BC27B9D81926CEA4003856F0 /* modules */,
				A75C5CCC18B43219007780A3 /* Executables */,
				A75C5CD118B43219007780A3 /* Configuration */,
				A75C5D1F18B43242007780A3 /* Documentation */,
			);
			sourceTree = "<group>";
		};
		A75C5CCC18B43219007780A3 /* Executables */ = {
			isa = PBXGroup;
			children = (
				BC27B9DC1926D19C003856F0 /* juno */,
				A75C5CCD18B43219007780A3 /* ircd */,
				A75C5CCE18B43219007780A3 /* lines */,
				A75C5CCF18B43219007780A3 /* mkpasswd */,
				A75C5CD018B43219007780A3 /* thingstodo */,
			);
			name = Executables;
			path = bin;
			sourceTree = "<group>";
		};
		A75C5CD118B43219007780A3 /* Configuration */ = {
			isa = PBXGroup;
			children = (
				A75C5CD218B43219007780A3 /* ircd.conf */,
				A75C5CD318B43219007780A3 /* ircd.conf.example */,
				BC27B9DD1926D1A3003856F0 /* rfc-2812 */,
			);
			name = Configuration;
			path = etc;
			sourceTree = "<group>";
		};
		A75C5CDD18B4321A007780A3 /* vulpia */ = {
			isa = PBXGroup;
			children = (
				A75C5D0218B4321A007780A3 /* ircd.pm */,
				A71BE82118C19286003A2C1A /* pool.pm */,
				A75C5CF118B4321A007780A3 /* connection.pm */,
				A75C5D0D18B4321A007780A3 /* utils.pm */,
				A75C5D0818B4321A007780A3 /* user */,
				A75C5D0418B4321A007780A3 /* server */,
				A75C5CED18B4321A007780A3 /* channel */,
			);
			name = vulpia;
			path = lib;
			sourceTree = "<group>";
		};
		A75C5CED18B4321A007780A3 /* channel */ = {
			isa = PBXGroup;
			children = (
				BC27B9D91926D17C003856F0 /* channel.pm */,
				A75C5CEE18B4321A007780A3 /* mine.pm */,
			);
			path = channel;
			sourceTree = "<group>";
		};
		A75C5D0418B4321A007780A3 /* server */ = {
			isa = PBXGroup;
			children = (
				BC27B9DB1926D193003856F0 /* server.pm */,
				A75C5D0618B4321A007780A3 /* mine.pm */,
				A75C5D0518B4321A007780A3 /* linkage.pm */,
			);
			path = server;
			sourceTree = "<group>";
		};
		A75C5D0818B4321A007780A3 /* user */ = {
			isa = PBXGroup;
			children = (
				BC27B9DA1926D186003856F0 /* user.pm */,
				A75C5D0918B4321A007780A3 /* mine.pm */,
			);
			path = user;
			sourceTree = "<group>";
		};
		A75C5D1F18B43242007780A3 /* Documentation */ = {
			isa = PBXGroup;
			children = (
				A765E0BF18BEE68500B3E448 /* VERSION */,
				A75C5CD618B43219007780A3 /* INDEV */,
				A75C5CD418B43219007780A3 /* GOALS */,
				A75C5D1B18B4321A007780A3 /* README.md */,
				A75C5D0E18B4321A007780A3 /* LICENSE */,
			);
			name = Documentation;
			sourceTree = "<group>";
		};
/* End PBXGroup section */

/* Begin PBXProject section */
		A75C5CC618B43206007780A3 /* Project object */ = {
			isa = PBXProject;
			attributes = {
				LastUpgradeCheck = 0510;
			};
			buildConfigurationList = A75C5CC918B43206007780A3 /* Build configuration list for PBXProject "juno" */;
			compatibilityVersion = "Xcode 3.2";
			developmentRegion = English;
			hasScannedForEncodings = 0;
			knownRegions = (
				en,
			);
			mainGroup = A75C5CC518B43206007780A3;
			projectDirPath = "";
			projectRoot = "";
			targets = (
			);
		};
/* End PBXProject section */

/* Begin XCBuildConfiguration section */
		A75C5CCA18B43206007780A3 /* Debug */ = {
			isa = XCBuildConfiguration;
			buildSettings = {
				ONLY_ACTIVE_ARCH = YES;
			};
			name = Debug;
		};
		A75C5CCB18B43206007780A3 /* Release */ = {
			isa = XCBuildConfiguration;
			buildSettings = {
			};
			name = Release;
		};
/* End XCBuildConfiguration section */

/* Begin XCConfigurationList section */
		A75C5CC918B43206007780A3 /* Build configuration list for PBXProject "juno" */ = {
			isa = XCConfigurationList;
			buildConfigurations = (
				A75C5CCA18B43206007780A3 /* Debug */,
				A75C5CCB18B43206007780A3 /* Release */,
			);
			defaultConfigurationIsVisible = 0;
			defaultConfigurationName = Release;
		};
/* End XCConfigurationList section */
	};
	rootObject = A75C5CC618B43206007780A3 /* Project object */;
}
