// !$*UTF8*$!
{
	archiveVersion = 1;
	classes = {
	};
	objectVersion = 46;
	objects = {

/* Begin PBXFileReference section */
		A75C5CCD18B43219007780A3 /* ircd */ = {isa = PBXFileReference; lastKnownFileType = text.script.perl; path = ircd; sourceTree = "<group>"; };
		A75C5CCF18B43219007780A3 /* mkpasswd */ = {isa = PBXFileReference; lastKnownFileType = text.script.perl; path = mkpasswd; sourceTree = "<group>"; };
		A75C5CD218B43219007780A3 /* ircd.conf */ = {isa = PBXFileReference; lastKnownFileType = text; path = ircd.conf; sourceTree = "<group>"; };
		A75C5CD318B43219007780A3 /* ircd.conf.example */ = {isa = PBXFileReference; lastKnownFileType = text; path = ircd.conf.example; sourceTree = "<group>"; };
		A75C5CD818B4321A007780A3 /* juno */ = {isa = PBXFileReference; lastKnownFileType = text.script.sh; name = juno; path = ../juno; sourceTree = "<group>"; };
		A75C5D0E18B4321A007780A3 /* LICENSE */ = {isa = PBXFileReference; lastKnownFileType = text; name = LICENSE; path = ../LICENSE; sourceTree = "<group>"; };
		A75C5D1B18B4321A007780A3 /* README.md */ = {isa = PBXFileReference; lastKnownFileType = text; name = README.md; path = ../README.md; sourceTree = "<group>"; };
		A75C5D1D18B4321A007780A3 /* rfc-2812 */ = {isa = PBXFileReference; lastKnownFileType = text; name = "rfc-2812"; path = "../rfc-2812"; sourceTree = "<group>"; };
		BC0CA6F01A5399E2000ABAE6 /* TopicAdditions.pm */ = {isa = PBXFileReference; lastKnownFileType = text.script.perl; name = TopicAdditions.pm; path = TopicAdditions.module/TopicAdditions.pm; sourceTree = "<group>"; };
		BC131F361994444500B8071A /* UnsafeEval.pm */ = {isa = PBXFileReference; lastKnownFileType = text.script.perl; name = UnsafeEval.pm; path = UnsafeEval.module/UnsafeEval.pm; sourceTree = "<group>"; };
		BC131F371994445500B8071A /* Eval.pm */ = {isa = PBXFileReference; lastKnownFileType = text.script.perl; name = Eval.pm; path = Eval.module/Eval.pm; sourceTree = "<group>"; };
		BC131F38199560D300B8071A /* Grant.pm */ = {isa = PBXFileReference; lastKnownFileType = text.script.perl; name = Grant.pm; path = Grant.module/Grant.pm; sourceTree = "<group>"; };
		BC131F391995C25200B8071A /* ModeSync.pm */ = {isa = PBXFileReference; lastKnownFileType = text.script.perl; name = ModeSync.pm; path = ModeSync.module/ModeSync.pm; sourceTree = "<group>"; };
		BC131F3A1995C2BD00B8071A /* TS6.pm */ = {isa = PBXFileReference; lastKnownFileType = text.script.perl; name = TS6.pm; path = TS6/TS6.module/TS6.pm; sourceTree = "<group>"; };
		BC131F3C1995C34A00B8071A /* Base.pm */ = {isa = PBXFileReference; lastKnownFileType = text.script.perl; name = Base.pm; path = TS6/Base.module/Base.pm; sourceTree = "<group>"; };
		BC131F3D1995C35300B8071A /* Incoming.pm */ = {isa = PBXFileReference; lastKnownFileType = text.script.perl; name = Incoming.pm; path = TS6/Incoming.module/Incoming.pm; sourceTree = "<group>"; };
		BC131F3E1995C35B00B8071A /* Outgoing.pm */ = {isa = PBXFileReference; lastKnownFileType = text.script.perl; name = Outgoing.pm; path = TS6/Outgoing.module/Outgoing.pm; sourceTree = "<group>"; };
		BC131F3F1996B21300B8071A /* Utils.pm */ = {isa = PBXFileReference; lastKnownFileType = text.script.perl; name = Utils.pm; path = TS6/Utils.module/Utils.pm; sourceTree = "<group>"; };
		BC131F4019971A7500B8071A /* Registration.pm */ = {isa = PBXFileReference; lastKnownFileType = text.script.perl; name = Registration.pm; path = Registration.module/Registration.pm; sourceTree = "<group>"; };
		BC131F4119971A8B00B8071A /* Registration.pm */ = {isa = PBXFileReference; lastKnownFileType = text.script.perl; name = Registration.pm; path = TS6/Registration.module/Registration.pm; sourceTree = "<group>"; };
		BC174752194A36F0005C2D83 /* doc */ = {isa = PBXFileReference; lastKnownFileType = folder; name = doc; path = ../doc; sourceTree = "<group>"; };
		BC515539195C7E1D00110EBE /* PLANS */ = {isa = PBXFileReference; lastKnownFileType = text; name = PLANS; path = ../PLANS; sourceTree = "<group>"; };
		BC663D571A9118BE004C5ADE /* Dline.pm */ = {isa = PBXFileReference; lastKnownFileType = text.script.perl; name = Dline.pm; path = Dline.module/Dline.pm; sourceTree = "<group>"; };
		BC6A7BB019F0623D0061CD59 /* Mute.pm */ = {isa = PBXFileReference; lastKnownFileType = text.script.perl; name = Mute.pm; path = Mute.module/Mute.pm; sourceTree = "<group>"; };
		BC7068FE196642E600A2915D /* message.pm */ = {isa = PBXFileReference; lastKnownFileType = text.script.perl; name = message.pm; path = message.module/message.pm; sourceTree = "<group>"; };
		BC7B16941A900AFB00228EF1 /* Kline.pm */ = {isa = PBXFileReference; lastKnownFileType = text.script.perl; name = Kline.pm; path = Kline.module/Kline.pm; sourceTree = "<group>"; };
		BC7B16961A9017D000228EF1 /* Ban.pm */ = {isa = PBXFileReference; lastKnownFileType = text.script.perl; name = Ban.pm; path = Ban.module/Ban.pm; sourceTree = "<group>"; };
		BC8BAD3A19EF007E00216958 /* Forward.pm */ = {isa = PBXFileReference; lastKnownFileType = text.script.perl; name = Forward.pm; path = Forward.module/Forward.pm; sourceTree = "<group>"; };
		BC9564F61944E032002F52B9 /* Account.pm */ = {isa = PBXFileReference; lastKnownFileType = text.script.perl; path = Account.pm; sourceTree = "<group>"; };
		BC9564F91944E032002F52B9 /* Local.pm */ = {isa = PBXFileReference; lastKnownFileType = text.script.perl; name = Local.pm; path = Local.module/Local.pm; sourceTree = "<group>"; };
		BC9564FC1944E032002F52B9 /* Remote.pm */ = {isa = PBXFileReference; lastKnownFileType = text.script.perl; name = Remote.pm; path = Remote.module/Remote.pm; sourceTree = "<group>"; };
		BC9565011944E032002F52B9 /* ChannelModes.pm */ = {isa = PBXFileReference; lastKnownFileType = text.script.perl; name = ChannelModes.pm; path = ChannelModes.module/ChannelModes.pm; sourceTree = "<group>"; };
		BC9565071944E032002F52B9 /* Matchers.pm */ = {isa = PBXFileReference; lastKnownFileType = text.script.perl; name = Matchers.pm; path = Matchers.module/Matchers.pm; sourceTree = "<group>"; };
		BC95650A1944E032002F52B9 /* OperNotices.pm */ = {isa = PBXFileReference; lastKnownFileType = text.script.perl; name = OperNotices.pm; path = OperNotices.module/OperNotices.pm; sourceTree = "<group>"; };
		BC95650D1944E032002F52B9 /* UserCommands.pm */ = {isa = PBXFileReference; lastKnownFileType = text.script.perl; name = UserCommands.pm; path = UserCommands.module/UserCommands.pm; sourceTree = "<group>"; };
		BC9565101944E032002F52B9 /* UserModes.pm */ = {isa = PBXFileReference; lastKnownFileType = text.script.perl; name = UserModes.pm; path = UserModes.module/UserModes.pm; sourceTree = "<group>"; };
		BC9565131944E032002F52B9 /* UserNumerics.pm */ = {isa = PBXFileReference; lastKnownFileType = text.script.perl; name = UserNumerics.pm; path = UserNumerics.module/UserNumerics.pm; sourceTree = "<group>"; };
		BC9565171944E032002F52B9 /* ChannelModes.pm */ = {isa = PBXFileReference; lastKnownFileType = text.script.perl; name = ChannelModes.pm; path = ChannelModes.module/ChannelModes.pm; sourceTree = "<group>"; };
		BC95651A1944E032002F52B9 /* Core.pm */ = {isa = PBXFileReference; lastKnownFileType = text.script.perl; name = Core.pm; path = Core.module/Core.pm; sourceTree = "<group>"; };
		BC95651D1944E032002F52B9 /* Matchers.pm */ = {isa = PBXFileReference; lastKnownFileType = text.script.perl; name = Matchers.pm; path = Matchers.module/Matchers.pm; sourceTree = "<group>"; };
		BC9565201944E032002F52B9 /* OperNotices.pm */ = {isa = PBXFileReference; lastKnownFileType = text.script.perl; name = OperNotices.pm; path = OperNotices.module/OperNotices.pm; sourceTree = "<group>"; };
		BC9565231944E032002F52B9 /* UserCommands.pm */ = {isa = PBXFileReference; lastKnownFileType = text.script.perl; name = UserCommands.pm; path = UserCommands.module/UserCommands.pm; sourceTree = "<group>"; };
		BC9565261944E032002F52B9 /* UserModes.pm */ = {isa = PBXFileReference; lastKnownFileType = text.script.perl; name = UserModes.pm; path = UserModes.module/UserModes.pm; sourceTree = "<group>"; };
		BC9565291944E032002F52B9 /* UserNumerics.pm */ = {isa = PBXFileReference; lastKnownFileType = text.script.perl; name = UserNumerics.pm; path = UserNumerics.module/UserNumerics.pm; sourceTree = "<group>"; };
		BC9565311944E032002F52B9 /* Git.pm */ = {isa = PBXFileReference; lastKnownFileType = text.script.perl; name = Git.pm; path = Git.module/Git.pm; sourceTree = "<group>"; };
		BC9565341944E032002F52B9 /* Ident.pm */ = {isa = PBXFileReference; lastKnownFileType = text.script.perl; name = Ident.pm; path = Ident.module/Ident.pm; sourceTree = "<group>"; };
		BC9565381944E032002F52B9 /* channel.pm */ = {isa = PBXFileReference; lastKnownFileType = text.script.perl; name = channel.pm; path = channel.module/channel.pm; sourceTree = "<group>"; };
		BC95653B1944E032002F52B9 /* connection.pm */ = {isa = PBXFileReference; indentWidth = 4; lastKnownFileType = text.script.perl; name = connection.pm; path = connection.module/connection.pm; sourceTree = "<group>"; };
		BC95653D1944E032002F52B9 /* ircd.pm */ = {isa = PBXFileReference; lastKnownFileType = text.script.perl; path = ircd.pm; sourceTree = "<group>"; };
		BC9565401944E032002F52B9 /* pool.pm */ = {isa = PBXFileReference; lastKnownFileType = text.script.perl; name = pool.pm; path = pool.module/pool.pm; sourceTree = "<group>"; };
		BC9565441944E032002F52B9 /* linkage.pm */ = {isa = PBXFileReference; lastKnownFileType = text.script.perl; name = linkage.pm; path = server.module/linkage.module/linkage.pm; sourceTree = "<group>"; };
		BC9565461944E032002F52B9 /* server.pm */ = {isa = PBXFileReference; lastKnownFileType = text.script.perl; name = server.pm; path = server.module/server.pm; sourceTree = "<group>"; };
		BC9565491944E032002F52B9 /* user.pm */ = {isa = PBXFileReference; lastKnownFileType = text.script.perl; name = user.pm; path = user.module/user.pm; sourceTree = "<group>"; };
		BC95654C1944E032002F52B9 /* utils.pm */ = {isa = PBXFileReference; lastKnownFileType = text.script.perl; name = utils.pm; path = utils.module/utils.pm; sourceTree = "<group>"; };
		BC9565501944E032002F52B9 /* Base.pm */ = {isa = PBXFileReference; lastKnownFileType = text.script.perl; name = Base.pm; path = Base.module/Base.pm; sourceTree = "<group>"; };
		BC9565531944E032002F52B9 /* Incoming.pm */ = {isa = PBXFileReference; lastKnownFileType = text.script.perl; name = Incoming.pm; path = Incoming.module/Incoming.pm; sourceTree = "<group>"; };
		BC9565561944E032002F52B9 /* JELP.pm */ = {isa = PBXFileReference; lastKnownFileType = text.script.perl; name = JELP.pm; path = JELP.module/JELP.pm; sourceTree = "<group>"; };
		BC9565591944E032002F52B9 /* Outgoing.pm */ = {isa = PBXFileReference; lastKnownFileType = text.script.perl; name = Outgoing.pm; path = Outgoing.module/Outgoing.pm; sourceTree = "<group>"; };
		BC95655C1944E032002F52B9 /* LOLCAT.pm */ = {isa = PBXFileReference; lastKnownFileType = text.script.perl; name = LOLCAT.pm; path = LOLCAT.module/LOLCAT.pm; sourceTree = "<group>"; };
		BC95655F1944E032002F52B9 /* Modules.pm */ = {isa = PBXFileReference; lastKnownFileType = text.script.perl; name = Modules.pm; path = Modules.module/Modules.pm; sourceTree = "<group>"; };
		BC9565621944E032002F52B9 /* Reload.pm */ = {isa = PBXFileReference; lastKnownFileType = text.script.perl; name = Reload.pm; path = Reload.module/Reload.pm; sourceTree = "<group>"; };
		BC9565651944E032002F52B9 /* Resolve.pm */ = {isa = PBXFileReference; lastKnownFileType = text.script.perl; name = Resolve.pm; path = Resolve.module/Resolve.pm; sourceTree = "<group>"; };
		BCB05A7B199FD4BF00AB6FEE /* Alias.pm */ = {isa = PBXFileReference; lastKnownFileType = text.script.perl; name = Alias.pm; path = Alias.module/Alias.pm; sourceTree = "<group>"; };
		BCB6C80E1960C47E009F093A /* Access.pm */ = {isa = PBXFileReference; lastKnownFileType = text.script.perl; name = Access.pm; path = Access.module/Access.pm; sourceTree = "<group>"; };
		BCB6C8111960C47E009F093A /* Fantasy.pm */ = {isa = PBXFileReference; lastKnownFileType = text.script.perl; name = Fantasy.pm; path = Fantasy.module/Fantasy.pm; sourceTree = "<group>"; };
		BCB6C8141960C47E009F093A /* Invite.pm */ = {isa = PBXFileReference; lastKnownFileType = text.script.perl; name = Invite.pm; path = Invite.module/Invite.pm; sourceTree = "<group>"; };
		BCB6C8171960C47E009F093A /* Limit.pm */ = {isa = PBXFileReference; lastKnownFileType = text.script.perl; name = Limit.pm; path = Limit.module/Limit.pm; sourceTree = "<group>"; };
		BCB6C81819626D61009F093A /* default.conf */ = {isa = PBXFileReference; lastKnownFileType = text; path = default.conf; sourceTree = "<group>"; };
		BCB6C8191963DDE5009F093A /* Key.pm */ = {isa = PBXFileReference; lastKnownFileType = text.script.perl; name = Key.pm; path = Key.module/Key.pm; sourceTree = "<group>"; };
		BCB6C81A196495D6009F093A /* Secret.pm */ = {isa = PBXFileReference; lastKnownFileType = text.script.perl; name = Secret.pm; path = Secret.module/Secret.pm; sourceTree = "<group>"; };
		BCBA98311B1A1A6D00778ABD /* JELP.pm */ = {isa = PBXFileReference; lastKnownFileType = text.script.perl; name = JELP.pm; path = Ban.module/JELP.module/JELP.pm; sourceTree = "<group>"; };
		BCBA98321B1A1A7600778ABD /* TS6.pm */ = {isa = PBXFileReference; lastKnownFileType = text.script.perl; name = TS6.pm; path = Ban.module/TS6.module/TS6.pm; sourceTree = "<group>"; };
		BCBADAF2195CD5DE0051282D /* Daemon.pm */ = {isa = PBXFileReference; lastKnownFileType = text.script.perl; name = Daemon.pm; path = Daemon.module/Daemon.pm; sourceTree = "<group>"; };
		BCBADAF3195CD5DE0051282D /* Lastfm.pm */ = {isa = PBXFileReference; lastKnownFileType = text.script.perl; path = Lastfm.pm; sourceTree = "<group>"; };
		BCBADAF4195DDA910051282D /* SASL.pm */ = {isa = PBXFileReference; lastKnownFileType = text.script.perl; name = SASL.pm; path = SASL.module/SASL.pm; sourceTree = "<group>"; };
		BCBADAF5195E510D0051282D /* INDEV */ = {isa = PBXFileReference; lastKnownFileType = text; name = INDEV; path = ../INDEV; sourceTree = "<group>"; };
		BCBADAF6195E51140051282D /* VERSION */ = {isa = PBXFileReference; lastKnownFileType = text; name = VERSION; path = ../VERSION; sourceTree = "<group>"; };
		BCBCCEA0193BAD0800F7E7F9 /* ircd_forever */ = {isa = PBXFileReference; lastKnownFileType = text; path = ircd_forever; sourceTree = "<group>"; xcLanguageSpecificationIdentifier = xcode.lang.perl; };
		BCD615461953963500E1B0FE /* Capabilities.pm */ = {isa = PBXFileReference; lastKnownFileType = text.script.perl; name = Capabilities.pm; path = Capabilities.module/Capabilities.pm; sourceTree = "<group>"; };
		BCD615471953963D00E1B0FE /* RegistrationCommands.pm */ = {isa = PBXFileReference; lastKnownFileType = text.script.perl; name = RegistrationCommands.pm; path = RegistrationCommands.module/RegistrationCommands.pm; sourceTree = "<group>"; };
		BCD615481953A66000E1B0FE /* RegistrationCommands.pm */ = {isa = PBXFileReference; lastKnownFileType = text.script.perl; name = RegistrationCommands.pm; path = RegistrationCommands.module/RegistrationCommands.pm; sourceTree = "<group>"; };
		BCF6734A1A91878C006E8E34 /* OperOnly.pm */ = {isa = PBXFileReference; lastKnownFileType = text.script.perl; name = OperOnly.pm; path = OperOnly.module/OperOnly.pm; sourceTree = "<group>"; };
		BCF6734D1A91AEB9006E8E34 /* Set.pm */ = {isa = PBXFileReference; lastKnownFileType = text.script.perl; name = Set.pm; path = Set.module/Set.pm; sourceTree = "<group>"; };
/* End PBXFileReference section */

/* Begin PBXGroup section */
		A75C5CC518B43206007780A3 = {
			isa = PBXGroup;
			children = (
				BC9564F01944E032002F52B9 /* Modules */,
				A75C5CCC18B43219007780A3 /* Executables */,
				A75C5CD118B43219007780A3 /* Configuration */,
				A75C5D1F18B43242007780A3 /* Documentation */,
			);
			sourceTree = "<group>";
		};
		A75C5CCC18B43219007780A3 /* Executables */ = {
			isa = PBXGroup;
			children = (
				A75C5CD818B4321A007780A3 /* juno */,
				A75C5CCD18B43219007780A3 /* ircd */,
				BCBCCEA0193BAD0800F7E7F9 /* ircd_forever */,
				A75C5CCF18B43219007780A3 /* mkpasswd */,
			);
			name = Executables;
			path = ../bin;
			sourceTree = "<group>";
		};
		A75C5CD118B43219007780A3 /* Configuration */ = {
			isa = PBXGroup;
			children = (
				A75C5CD218B43219007780A3 /* ircd.conf */,
				A75C5CD318B43219007780A3 /* ircd.conf.example */,
				BCB6C81819626D61009F093A /* default.conf */,
			);
			name = Configuration;
			path = ../etc;
			sourceTree = "<group>";
		};
		A75C5D1F18B43242007780A3 /* Documentation */ = {
			isa = PBXGroup;
			children = (
				BCBADAF6195E51140051282D /* VERSION */,
				BCBADAF5195E510D0051282D /* INDEV */,
				BC515539195C7E1D00110EBE /* PLANS */,
				A75C5D1D18B4321A007780A3 /* rfc-2812 */,
				A75C5D1B18B4321A007780A3 /* README.md */,
				A75C5D0E18B4321A007780A3 /* LICENSE */,
				BC174752194A36F0005C2D83 /* doc */,
			);
			name = Documentation;
			sourceTree = "<group>";
		};
		BC131F3B1995C2C500B8071A /* TS6 */ = {
			isa = PBXGroup;
			children = (
				BC131F3A1995C2BD00B8071A /* TS6.pm */,
				BC131F3F1996B21300B8071A /* Utils.pm */,
				BC131F3C1995C34A00B8071A /* Base.pm */,
				BC131F4119971A8B00B8071A /* Registration.pm */,
				BC131F3D1995C35300B8071A /* Incoming.pm */,
				BC131F3E1995C35B00B8071A /* Outgoing.pm */,
			);
			name = TS6;
			sourceTree = "<group>";
		};
		BC7B16921A900AFB00228EF1 /* Ban */ = {
			isa = PBXGroup;
			children = (
				BC7B16961A9017D000228EF1 /* Ban.pm */,
				BC7B16941A900AFB00228EF1 /* Kline.pm */,
				BC663D571A9118BE004C5ADE /* Dline.pm */,
				BCBA98311B1A1A6D00778ABD /* JELP.pm */,
				BCBA98321B1A1A7600778ABD /* TS6.pm */,
			);
			path = Ban;
			sourceTree = "<group>";
		};
		BC9564F01944E032002F52B9 /* Modules */ = {
			isa = PBXGroup;
			children = (
				BC9565351944E032002F52B9 /* ircd */,
				BC9564FE1944E032002F52B9 /* Base */,
				BC9565141944E032002F52B9 /* Core */,
				BC95654D1944E032002F52B9 /* JELP */,
				BC131F3B1995C2C500B8071A /* TS6 */,
				BC9564F41944E032002F52B9 /* Account */,
				BCB6C80B1960C47E009F093A /* Channel */,
				BCBADAF0195CD5DE0051282D /* Last.fm */,
				BC7B16921A900AFB00228EF1 /* Ban */,
				BCF6734B1A91AEB9006E8E34 /* Configuration */,
				BC131F371994445500B8071A /* Eval.pm */,
				BC131F361994444500B8071A /* UnsafeEval.pm */,
				BC9565621944E032002F52B9 /* Reload.pm */,
				BC9565651944E032002F52B9 /* Resolve.pm */,
				BC9565341944E032002F52B9 /* Ident.pm */,
				BC95655F1944E032002F52B9 /* Modules.pm */,
				BC95655C1944E032002F52B9 /* LOLCAT.pm */,
				BC9565311944E032002F52B9 /* Git.pm */,
				BCBADAF4195DDA910051282D /* SASL.pm */,
				BC131F38199560D300B8071A /* Grant.pm */,
				BCB05A7B199FD4BF00AB6FEE /* Alias.pm */,
			);
			name = Modules;
			path = ../modules;
			sourceTree = "<group>";
		};
		BC9564F41944E032002F52B9 /* Account */ = {
			isa = PBXGroup;
			children = (
				BC9564F61944E032002F52B9 /* Account.pm */,
				BC9564F91944E032002F52B9 /* Local.pm */,
				BC9564FC1944E032002F52B9 /* Remote.pm */,
			);
			name = Account;
			path = Account.module;
			sourceTree = "<group>";
		};
		BC9564FE1944E032002F52B9 /* Base */ = {
			isa = PBXGroup;
			children = (
				BC9565131944E032002F52B9 /* UserNumerics.pm */,
				BC9565011944E032002F52B9 /* ChannelModes.pm */,
				BC9565071944E032002F52B9 /* Matchers.pm */,
				BC95650A1944E032002F52B9 /* OperNotices.pm */,
				BC95650D1944E032002F52B9 /* UserCommands.pm */,
				BC9565101944E032002F52B9 /* UserModes.pm */,
				BCD615471953963D00E1B0FE /* RegistrationCommands.pm */,
				BCD615461953963500E1B0FE /* Capabilities.pm */,
			);
			path = Base;
			sourceTree = "<group>";
		};
		BC9565141944E032002F52B9 /* Core */ = {
			isa = PBXGroup;
			children = (
				BC95651A1944E032002F52B9 /* Core.pm */,
				BC9565171944E032002F52B9 /* ChannelModes.pm */,
				BC9565201944E032002F52B9 /* OperNotices.pm */,
				BC95651D1944E032002F52B9 /* Matchers.pm */,
				BC9565231944E032002F52B9 /* UserCommands.pm */,
				BC9565291944E032002F52B9 /* UserNumerics.pm */,
				BC9565261944E032002F52B9 /* UserModes.pm */,
				BCD615481953A66000E1B0FE /* RegistrationCommands.pm */,
			);
			path = Core;
			sourceTree = "<group>";
		};
		BC9565351944E032002F52B9 /* ircd */ = {
			isa = PBXGroup;
			children = (
				BC95653D1944E032002F52B9 /* ircd.pm */,
				BC9565401944E032002F52B9 /* pool.pm */,
				BC95653B1944E032002F52B9 /* connection.pm */,
				BC9565491944E032002F52B9 /* user.pm */,
				BC9565381944E032002F52B9 /* channel.pm */,
				BC9565461944E032002F52B9 /* server.pm */,
				BC9565441944E032002F52B9 /* linkage.pm */,
				BC95654C1944E032002F52B9 /* utils.pm */,
				BC7068FE196642E600A2915D /* message.pm */,
			);
			name = ircd;
			path = ircd.module;
			sourceTree = "<group>";
		};
		BC95654D1944E032002F52B9 /* JELP */ = {
			isa = PBXGroup;
			children = (
				BC9565561944E032002F52B9 /* JELP.pm */,
				BC9565501944E032002F52B9 /* Base.pm */,
				BC131F4019971A7500B8071A /* Registration.pm */,
				BC9565531944E032002F52B9 /* Incoming.pm */,
				BC9565591944E032002F52B9 /* Outgoing.pm */,
			);
			path = JELP;
			sourceTree = "<group>";
		};
		BCB6C80B1960C47E009F093A /* Channel */ = {
			isa = PBXGroup;
			children = (
				BCB6C80E1960C47E009F093A /* Access.pm */,
				BCB6C8111960C47E009F093A /* Fantasy.pm */,
				BCB6C8141960C47E009F093A /* Invite.pm */,
				BCB6C8171960C47E009F093A /* Limit.pm */,
				BCB6C8191963DDE5009F093A /* Key.pm */,
				BCB6C81A196495D6009F093A /* Secret.pm */,
				BCF6734A1A91878C006E8E34 /* OperOnly.pm */,
				BC131F391995C25200B8071A /* ModeSync.pm */,
				BC8BAD3A19EF007E00216958 /* Forward.pm */,
				BC6A7BB019F0623D0061CD59 /* Mute.pm */,
				BC0CA6F01A5399E2000ABAE6 /* TopicAdditions.pm */,
			);
			path = Channel;
			sourceTree = "<group>";
		};
		BCBADAF0195CD5DE0051282D /* Last.fm */ = {
			isa = PBXGroup;
			children = (
				BCBADAF3195CD5DE0051282D /* Lastfm.pm */,
				BCBADAF2195CD5DE0051282D /* Daemon.pm */,
			);
			name = Last.fm;
			path = Lastfm.module;
			sourceTree = "<group>";
		};
		BCF6734B1A91AEB9006E8E34 /* Configuration */ = {
			isa = PBXGroup;
			children = (
				BCF6734D1A91AEB9006E8E34 /* Set.pm */,
			);
			path = Configuration;
			sourceTree = "<group>";
		};
/* End PBXGroup section */

/* Begin PBXProject section */
		A75C5CC618B43206007780A3 /* Project object */ = {
			isa = PBXProject;
			attributes = {
				LastUpgradeCheck = 0510;
			};
			buildConfigurationList = A75C5CC918B43206007780A3 /* Build configuration list for PBXProject "juno" */;
			compatibilityVersion = "Xcode 3.2";
			developmentRegion = English;
			hasScannedForEncodings = 0;
			knownRegions = (
				en,
			);
			mainGroup = A75C5CC518B43206007780A3;
			projectDirPath = "";
			projectRoot = "";
			targets = (
			);
		};
/* End PBXProject section */

/* Begin XCBuildConfiguration section */
		A75C5CCA18B43206007780A3 /* Debug */ = {
			isa = XCBuildConfiguration;
			buildSettings = {
				ONLY_ACTIVE_ARCH = YES;
			};
			name = Debug;
		};
		A75C5CCB18B43206007780A3 /* Release */ = {
			isa = XCBuildConfiguration;
			buildSettings = {
			};
			name = Release;
		};
/* End XCBuildConfiguration section */

/* Begin XCConfigurationList section */
		A75C5CC918B43206007780A3 /* Build configuration list for PBXProject "juno" */ = {
			isa = XCConfigurationList;
			buildConfigurations = (
				A75C5CCA18B43206007780A3 /* Debug */,
				A75C5CCB18B43206007780A3 /* Release */,
			);
			defaultConfigurationIsVisible = 0;
			defaultConfigurationName = Release;
		};
/* End XCConfigurationList section */
	};
	rootObject = A75C5CC618B43206007780A3 /* Project object */;
}
