// !$*UTF8*$!
{
	archiveVersion = 1;
	classes = {
	};
	objectVersion = 46;
	objects = {

/* Begin PBXFileReference section */
		A75C5CCD18B43219007780A3 /* ircd */ = {isa = PBXFileReference; lastKnownFileType = text.script.perl; path = ircd; sourceTree = "<group>"; };
		A75C5CCE18B43219007780A3 /* lines */ = {isa = PBXFileReference; lastKnownFileType = text.script.sh; path = lines; sourceTree = "<group>"; };
		A75C5CCF18B43219007780A3 /* mkpasswd */ = {isa = PBXFileReference; lastKnownFileType = text.script.perl; path = mkpasswd; sourceTree = "<group>"; };
		A75C5CD018B43219007780A3 /* thingstodo */ = {isa = PBXFileReference; lastKnownFileType = text; path = thingstodo; sourceTree = "<group>"; };
		A75C5CD218B43219007780A3 /* ircd.conf */ = {isa = PBXFileReference; lastKnownFileType = text; path = ircd.conf; sourceTree = "<group>"; };
		A75C5CD318B43219007780A3 /* ircd.conf.example */ = {isa = PBXFileReference; lastKnownFileType = text; path = ircd.conf.example; sourceTree = "<group>"; };
		A75C5CD418B43219007780A3 /* GOALS */ = {isa = PBXFileReference; lastKnownFileType = text; name = GOALS; path = ../GOALS; sourceTree = "<group>"; };
		A75C5CD618B43219007780A3 /* INDEV */ = {isa = PBXFileReference; lastKnownFileType = text; name = INDEV; path = ../INDEV; sourceTree = "<group>"; };
		A75C5CD818B4321A007780A3 /* juno */ = {isa = PBXFileReference; lastKnownFileType = text.script.sh; name = juno; path = ../juno; sourceTree = "<group>"; };
		A75C5D0E18B4321A007780A3 /* LICENSE */ = {isa = PBXFileReference; lastKnownFileType = text; name = LICENSE; path = ../LICENSE; sourceTree = "<group>"; };
		A75C5D1B18B4321A007780A3 /* README.md */ = {isa = PBXFileReference; lastKnownFileType = text; name = README.md; path = ../README.md; sourceTree = "<group>"; };
		A75C5D1D18B4321A007780A3 /* rfc-2812 */ = {isa = PBXFileReference; lastKnownFileType = text; name = "rfc-2812"; path = "../rfc-2812"; sourceTree = "<group>"; };
		A765E0BF18BEE68500B3E448 /* VERSION */ = {isa = PBXFileReference; lastKnownFileType = text; name = VERSION; path = ../VERSION; sourceTree = "<group>"; };
		BC27B9D81926CEA4003856F0 /* modules */ = {isa = PBXFileReference; lastKnownFileType = folder; name = modules; path = ../modules; sourceTree = "<group>"; };
		BCBCCEA0193BAD0800F7E7F9 /* ircd_forever */ = {isa = PBXFileReference; lastKnownFileType = text; path = ircd_forever; sourceTree = "<group>"; xcLanguageSpecificationIdentifier = xcode.lang.perl; };
/* End PBXFileReference section */

/* Begin PBXGroup section */
		A75C5CC518B43206007780A3 = {
			isa = PBXGroup;
			children = (
				A75C5CDD18B4321A007780A3 /* vulpia */,
				BC27B9D81926CEA4003856F0 /* modules */,
				A75C5CCC18B43219007780A3 /* Executables */,
				A75C5CD118B43219007780A3 /* Configuration */,
				A75C5D1F18B43242007780A3 /* Documentation */,
			);
			sourceTree = "<group>";
		};
		A75C5CCC18B43219007780A3 /* Executables */ = {
			isa = PBXGroup;
			children = (
				A75C5CD818B4321A007780A3 /* juno */,
				BCBCCEA0193BAD0800F7E7F9 /* ircd_forever */,
				A75C5CCD18B43219007780A3 /* ircd */,
				A75C5CCE18B43219007780A3 /* lines */,
				A75C5CCF18B43219007780A3 /* mkpasswd */,
				A75C5CD018B43219007780A3 /* thingstodo */,
			);
			name = Executables;
			path = ../bin;
			sourceTree = "<group>";
		};
		A75C5CD118B43219007780A3 /* Configuration */ = {
			isa = PBXGroup;
			children = (
				A75C5CD218B43219007780A3 /* ircd.conf */,
				A75C5CD318B43219007780A3 /* ircd.conf.example */,
			);
			name = Configuration;
			path = ../etc;
			sourceTree = "<group>";
		};
		A75C5CDD18B4321A007780A3 /* vulpia */ = {
			isa = PBXGroup;
			children = (
			);
			name = vulpia;
			path = ../lib;
			sourceTree = "<group>";
		};
		A75C5D1F18B43242007780A3 /* Documentation */ = {
			isa = PBXGroup;
			children = (
				A765E0BF18BEE68500B3E448 /* VERSION */,
				A75C5CD618B43219007780A3 /* INDEV */,
				A75C5CD418B43219007780A3 /* GOALS */,
				A75C5D1D18B4321A007780A3 /* rfc-2812 */,
				A75C5D1B18B4321A007780A3 /* README.md */,
				A75C5D0E18B4321A007780A3 /* LICENSE */,
			);
			name = Documentation;
			sourceTree = "<group>";
		};
/* End PBXGroup section */

/* Begin PBXProject section */
		A75C5CC618B43206007780A3 /* Project object */ = {
			isa = PBXProject;
			attributes = {
				LastUpgradeCheck = 0510;
			};
			buildConfigurationList = A75C5CC918B43206007780A3 /* Build configuration list for PBXProject "juno" */;
			compatibilityVersion = "Xcode 3.2";
			developmentRegion = English;
			hasScannedForEncodings = 0;
			knownRegions = (
				en,
			);
			mainGroup = A75C5CC518B43206007780A3;
			projectDirPath = "";
			projectRoot = "";
			targets = (
			);
		};
/* End PBXProject section */

/* Begin XCBuildConfiguration section */
		A75C5CCA18B43206007780A3 /* Debug */ = {
			isa = XCBuildConfiguration;
			buildSettings = {
				ONLY_ACTIVE_ARCH = YES;
			};
			name = Debug;
		};
		A75C5CCB18B43206007780A3 /* Release */ = {
			isa = XCBuildConfiguration;
			buildSettings = {
			};
			name = Release;
		};
/* End XCBuildConfiguration section */

/* Begin XCConfigurationList section */
		A75C5CC918B43206007780A3 /* Build configuration list for PBXProject "juno" */ = {
			isa = XCConfigurationList;
			buildConfigurations = (
				A75C5CCA18B43206007780A3 /* Debug */,
				A75C5CCB18B43206007780A3 /* Release */,
			);
			defaultConfigurationIsVisible = 0;
			defaultConfigurationName = Release;
		};
/* End XCConfigurationList section */
	};
	rootObject = A75C5CC618B43206007780A3 /* Project object */;
}
